
Microsoft Visual Studio Solution File, Format Version 12.00
# Visual Studio 14
VisualStudioVersion = 14.0.23107.0
MinimumVisualStudioVersion = 10.0.40219.1
Project("{FAE04EC0-301F-11D3-BF4B-00C04F79EFBC}") = "Binair_Zoeken_Opgave_2", "Binair_Zoeken_Opgave_2\Binair_Zoeken_Opgave_2.csproj", "{390415AC-7130-4580-A199-FD2C9BE546C8}"
EndProject
Global
	GlobalSection(SolutionConfigurationPlatforms) = preSolution
		Debug|Any CPU = Debug|Any CPU
		Release|Any CPU = Release|Any CPU
	EndGlobalSection
	GlobalSection(ProjectConfigurationPlatforms) = postSolution
		{390415AC-7130-4580-A199-FD2C9BE546C8}.Debug|Any CPU.ActiveCfg = Debug|Any CPU
		{390415AC-7130-4580-A199-FD2C9BE546C8}.Debug|Any CPU.Build.0 = Debug|Any CPU
		{390415AC-7130-4580-A199-FD2C9BE546C8}.Release|Any CPU.ActiveCfg = Release|Any CPU
		{390415AC-7130-4580-A199-FD2C9BE546C8}.Release|Any CPU.Build.0 = Release|Any CPU
	EndGlobalSection
	GlobalSection(SolutionProperties) = preSolution
		HideSolutionNode = FALSE
	EndGlobalSection
EndGlobal
