
Microsoft Visual Studio Solution File, Format Version 11.00
# Visual Studio 2010
Project("{FAE04EC0-301F-11D3-BF4B-00C04F79EFBC}") = "TetrisPrac", "TetrisPrac.csproj", "{1D27B7D4-2F1D-426D-A5B4-111BC0D84803}"
EndProject
Project("{FAE04EC0-301F-11D3-BF4B-00C04F79EFBC}") = "TetrisPracContent", "Content\TetrisPracContent.contentproj", "{CE7C9504-7687-4243-AE19-3D41F2895833}"
EndProject
Global
	GlobalSection(SolutionConfigurationPlatforms) = preSolution
		Debug|x86 = Debug|x86
		Release|x86 = Release|x86
	EndGlobalSection
	GlobalSection(ProjectConfigurationPlatforms) = postSolution
		{1D27B7D4-2F1D-426D-A5B4-111BC0D84803}.Debug|x86.ActiveCfg = Debug|x86
		{1D27B7D4-2F1D-426D-A5B4-111BC0D84803}.Debug|x86.Build.0 = Debug|x86
		{1D27B7D4-2F1D-426D-A5B4-111BC0D84803}.Release|x86.ActiveCfg = Release|x86
		{1D27B7D4-2F1D-426D-A5B4-111BC0D84803}.Release|x86.Build.0 = Release|x86
		{CE7C9504-7687-4243-AE19-3D41F2895833}.Debug|x86.ActiveCfg = Debug|x86
		{CE7C9504-7687-4243-AE19-3D41F2895833}.Release|x86.ActiveCfg = Release|x86
	EndGlobalSection
	GlobalSection(SolutionProperties) = preSolution
		HideSolutionNode = FALSE
	EndGlobalSection
EndGlobal
