
Microsoft Visual Studio Solution File, Format Version 11.00
# Visual C# Express 2010
Project("{FAE04EC0-301F-11D3-BF4B-00C04F79EFBC}") = "Pong", "Pong\Pong\Pong.csproj", "{B4B5554E-A4F5-41AD-809F-4BFB337FDDED}"
EndProject
Project("{96E2B04D-8817-42C6-938A-82C39BA4D311}") = "PongContent", "Pong\PongContent\PongContent.contentproj", "{03E1B9B5-00B8-40D5-BBF8-D071270CFE81}"
EndProject
Global
	GlobalSection(SolutionConfigurationPlatforms) = preSolution
		Debug|x86 = Debug|x86
		Release|x86 = Release|x86
	EndGlobalSection
	GlobalSection(ProjectConfigurationPlatforms) = postSolution
		{B4B5554E-A4F5-41AD-809F-4BFB337FDDED}.Debug|x86.ActiveCfg = Debug|x86
		{B4B5554E-A4F5-41AD-809F-4BFB337FDDED}.Debug|x86.Build.0 = Debug|x86
		{B4B5554E-A4F5-41AD-809F-4BFB337FDDED}.Release|x86.ActiveCfg = Release|x86
		{B4B5554E-A4F5-41AD-809F-4BFB337FDDED}.Release|x86.Build.0 = Release|x86
		{03E1B9B5-00B8-40D5-BBF8-D071270CFE81}.Debug|x86.ActiveCfg = Debug|x86
		{03E1B9B5-00B8-40D5-BBF8-D071270CFE81}.Release|x86.ActiveCfg = Release|x86
	EndGlobalSection
	GlobalSection(SolutionProperties) = preSolution
		HideSolutionNode = FALSE
	EndGlobalSection
EndGlobal
